# This file is generated by running "yarn install" inside your project.
# Manual changes might be lost - proceed with caution!

__metadata:
  version: 8
  cacheKey: 10c0

"@supabase/auth-js@npm:2.86.0":
  version: 2.86.0
  resolution: "@supabase/auth-js@npm:2.86.0"
  dependencies:
    tslib: "npm:2.8.1"
  checksum: 10c0/a70fd3156535bd9d7d57da9cfbdad305f01c3d17c0442559af50f57b2409c734825db8749986982b69f8107864592551442518c73da909a7e03c8d9ca4bef45d
  languageName: node
  linkType: hard

"@supabase/functions-js@npm:2.86.0":
  version: 2.86.0
  resolution: "@supabase/functions-js@npm:2.86.0"
  dependencies:
    tslib: "npm:2.8.1"
  checksum: 10c0/24cc3271cf1c2b315b4eb5e79a9d9e478da74c6a2f8dc01a097d211f7d5ac596c003e8ee5f8c74041c94f455eb6c3e2aaf6809892f8d8b04ab3ab7bafc5a186d
  languageName: node
  linkType: hard

"@supabase/postgrest-js@npm:2.86.0":
  version: 2.86.0
  resolution: "@supabase/postgrest-js@npm:2.86.0"
  dependencies:
    tslib: "npm:2.8.1"
  checksum: 10c0/066ee3dc8e24c8658c93c3b89346542bd4c58e4e14df21ef21d4b5597f01a710f8088c3705fb30791314028de5ca55db6cfee339c707e6b585085c4e9e35742a
  languageName: node
  linkType: hard

"@supabase/realtime-js@npm:2.86.0":
  version: 2.86.0
  resolution: "@supabase/realtime-js@npm:2.86.0"
  dependencies:
    "@types/phoenix": "npm:^1.6.6"
    "@types/ws": "npm:^8.18.1"
    tslib: "npm:2.8.1"
    ws: "npm:^8.18.2"
  checksum: 10c0/5c18c79422436900540243f06bf64e15523ae2eaaf7111b7ee243d803b00f4d85e148cb03b686f03519bb97505b716fbb3aebf70e0adf187b464a6193cf477ce
  languageName: node
  linkType: hard

"@supabase/storage-js@npm:2.86.0":
  version: 2.86.0
  resolution: "@supabase/storage-js@npm:2.86.0"
  dependencies:
    iceberg-js: "npm:^0.8.0"
    tslib: "npm:2.8.1"
  checksum: 10c0/e8fe6b838d3ff64daa144f4e393f5f02caf8c10d5c0657832656cc2d3f864fb46ae6a44665ed932ba231f768b8a5e6d14f66ed354070676f64ee1430c43f4210
  languageName: node
  linkType: hard

"@supabase/supabase-js@npm:^2.84.0":
  version: 2.86.0
  resolution: "@supabase/supabase-js@npm:2.86.0"
  dependencies:
    "@supabase/auth-js": "npm:2.86.0"
    "@supabase/functions-js": "npm:2.86.0"
    "@supabase/postgrest-js": "npm:2.86.0"
    "@supabase/realtime-js": "npm:2.86.0"
    "@supabase/storage-js": "npm:2.86.0"
  checksum: 10c0/dbb58383f3d03d9b13e594674989fdd17931236f68e1d4036b34be49876e0f3f2cf41087e8d88ab578ca0291411d9b7e520179b4ed3be6e056ee02bf0aac3554
  languageName: node
  linkType: hard

"@types/node@npm:*":
  version: 24.10.1
  resolution: "@types/node@npm:24.10.1"
  dependencies:
    undici-types: "npm:~7.16.0"
  checksum: 10c0/d6bca7a78f550fbb376f236f92b405d676003a8a09a1b411f55920ef34286ee3ee51f566203920e835478784df52662b5b2af89159d9d319352e9ea21801c002
  languageName: node
  linkType: hard

"@types/phoenix@npm:^1.6.6":
  version: 1.6.6
  resolution: "@types/phoenix@npm:1.6.6"
  checksum: 10c0/4dfcb3fd36341ed5500de030291af14163c599857e00d2d4ff065d4c4600317d5d20aa170913fb9609747a09436e3add44db7d0c709bdf80f36cddcc67a42021
  languageName: node
  linkType: hard

"@types/prop-types@npm:*":
  version: 15.7.15
  resolution: "@types/prop-types@npm:15.7.15"
  checksum: 10c0/b59aad1ad19bf1733cf524fd4e618196c6c7690f48ee70a327eb450a42aab8e8a063fbe59ca0a5701aebe2d92d582292c0fb845ea57474f6a15f6994b0e260b2
  languageName: node
  linkType: hard

"@types/react-dom@npm:^18.2.0":
  version: 18.3.7
  resolution: "@types/react-dom@npm:18.3.7"
  peerDependencies:
    "@types/react": ^18.0.0
  checksum: 10c0/8bd309e2c3d1604a28a736a24f96cbadf6c05d5288cfef8883b74f4054c961b6b3a5e997fd5686e492be903c8f3380dba5ec017eff3906b1256529cd2d39603e
  languageName: node
  linkType: hard

"@types/react@npm:^18.2.0":
  version: 18.3.27
  resolution: "@types/react@npm:18.3.27"
  dependencies:
    "@types/prop-types": "npm:*"
    csstype: "npm:^3.2.2"
  checksum: 10c0/a761d2f58de03d0714806cc65d32bb3d73fb33a08dd030d255b47a295e5fff2a775cf1c20b786824d8deb6454eaccce9bc6998d9899c14fc04bbd1b0b0b72897
  languageName: node
  linkType: hard

"@types/ws@npm:^8.18.1":
  version: 8.18.1
  resolution: "@types/ws@npm:8.18.1"
  dependencies:
    "@types/node": "npm:*"
  checksum: 10c0/61aff1129143fcc4312f083bc9e9e168aa3026b7dd6e70796276dcfb2c8211c4292603f9c4864fae702f2ed86e4abd4d38aa421831c2fd7f856c931a481afbab
  languageName: node
  linkType: hard

"@workspace/supabase-auth@workspace:.":
  version: 0.0.0-use.local
  resolution: "@workspace/supabase-auth@workspace:."
  dependencies:
    "@supabase/supabase-js": "npm:^2.84.0"
    "@types/react": "npm:^18.2.0"
    "@types/react-dom": "npm:^18.2.0"
    typescript: "npm:^5.3.0"
  peerDependencies:
    react: ^18.0.0
    react-dom: ^18.0.0
  languageName: unknown
  linkType: soft

"csstype@npm:^3.2.2":
  version: 3.2.3
  resolution: "csstype@npm:3.2.3"
  checksum: 10c0/cd29c51e70fa822f1cecd8641a1445bed7063697469d35633b516e60fe8c1bde04b08f6c5b6022136bb669b64c63d4173af54864510fbb4ee23281801841a3ce
  languageName: node
  linkType: hard

"iceberg-js@npm:^0.8.0":
  version: 0.8.0
  resolution: "iceberg-js@npm:0.8.0"
  checksum: 10c0/ffacf0b939a85dde35a5728aed4abf0780de8b83e76d9b3b173566862015723cc6092d919dbfba0c1b72b725b77be41cfb3938b03d2058714e8407253020990a
  languageName: node
  linkType: hard

"tslib@npm:2.8.1":
  version: 2.8.1
  resolution: "tslib@npm:2.8.1"
  checksum: 10c0/9c4759110a19c53f992d9aae23aac5ced636e99887b51b9e61def52611732872ff7668757d4e4c61f19691e36f4da981cd9485e869b4a7408d689f6bf1f14e62
  languageName: node
  linkType: hard

"typescript@npm:^5.3.0":
  version: 5.9.3
  resolution: "typescript@npm:5.9.3"
  bin:
    tsc: bin/tsc
    tsserver: bin/tsserver
  checksum: 10c0/6bd7552ce39f97e711db5aa048f6f9995b53f1c52f7d8667c1abdc1700c68a76a308f579cd309ce6b53646deb4e9a1be7c813a93baaf0a28ccd536a30270e1c5
  languageName: node
  linkType: hard

"typescript@patch:typescript@npm%3A^5.3.0#optional!builtin<compat/typescript>":
  version: 5.9.3
  resolution: "typescript@patch:typescript@npm%3A5.9.3#optional!builtin<compat/typescript>::version=5.9.3&hash=5786d5"
  bin:
    tsc: bin/tsc
    tsserver: bin/tsserver
  checksum: 10c0/ad09fdf7a756814dce65bc60c1657b40d44451346858eea230e10f2e95a289d9183b6e32e5c11e95acc0ccc214b4f36289dcad4bf1886b0adb84d711d336a430
  languageName: node
  linkType: hard

"undici-types@npm:~7.16.0":
  version: 7.16.0
  resolution: "undici-types@npm:7.16.0"
  checksum: 10c0/3033e2f2b5c9f1504bdc5934646cb54e37ecaca0f9249c983f7b1fc2e87c6d18399ebb05dc7fd5419e02b2e915f734d872a65da2e3eeed1813951c427d33cc9a
  languageName: node
  linkType: hard

"ws@npm:^8.18.2":
  version: 8.18.3
  resolution: "ws@npm:8.18.3"
  peerDependencies:
    bufferutil: ^4.0.1
    utf-8-validate: ">=5.0.2"
  peerDependenciesMeta:
    bufferutil:
      optional: true
    utf-8-validate:
      optional: true
  checksum: 10c0/eac918213de265ef7cb3d4ca348b891a51a520d839aa51cdb8ca93d4fa7ff9f6ccb339ccee89e4075324097f0a55157c89fa3f7147bde9d8d7e90335dc087b53
  languageName: node
  linkType: hard
